
Microsoft Visual Studio Solution File, Format Version 12.00
# Visual Studio Version 16
VisualStudioVersion = 16.0.30611.23
MinimumVisualStudioVersion = 10.0.40219.1
Project("{FAE04EC0-301F-11D3-BF4B-00C04F79EFBC}") = "dotNet5781_00_5828_6440", "dotNet5781_00_5828_6440\dotNet5781_00_5828_6440.csproj", "{4D746681-6995-4216-9C8C-6C85A77CF764}"
EndProject
Project("{FAE04EC0-301F-11D3-BF4B-00C04F79EFBC}") = "dotNet5781_01_5828_6440", "dotNet5781_01_5828_6440\dotNet5781_01_5828_6440.csproj", "{0433549C-945E-4D67-9BEB-BB6CBDB7E346}"
EndProject
Project("{FAE04EC0-301F-11D3-BF4B-00C04F79EFBC}") = "dotNet5781_02_5828_6440", "dotNet5781_02_5828_6440\dotNet5781_02_5828_6440.csproj", "{E6B10FE3-9648-4313-8BFF-D981ACF83D0E}"
EndProject
Project("{FAE04EC0-301F-11D3-BF4B-00C04F79EFBC}") = "dotNet5781_03A_5828_6440", "dotNet5781_03A_5828_6440\dotNet5781_03A_5828_6440.csproj", "{AF5209AC-842C-478D-BC43-08779EFA0BE5}"
EndProject
Project("{FAE04EC0-301F-11D3-BF4B-00C04F79EFBC}") = "dotNet5781_03B_5828_6440", "dotNet5781_03B_5828_6440\dotNet5781_03B_5828_6440.csproj", "{ECDEAB8B-A703-47F9-A895-97F1A384942F}"
EndProject
Project("{FAE04EC0-301F-11D3-BF4B-00C04F79EFBC}") = "PL", "PL\PL.csproj", "{60B6BBDB-F270-491A-91BF-178B968DFDBB}"
EndProject
Project("{FAE04EC0-301F-11D3-BF4B-00C04F79EFBC}") = "BL", "BL\BL.csproj", "{8AB405DE-3CCD-4FBC-B06E-BA5FE2D763A9}"
EndProject
Project("{FAE04EC0-301F-11D3-BF4B-00C04F79EFBC}") = "DLAPI", "DLAPI\DLAPI.csproj", "{7F232438-D8FE-404F-85D3-9DBEA8DCA034}"
EndProject
Project("{FAE04EC0-301F-11D3-BF4B-00C04F79EFBC}") = "DS", "DS\DS.csproj", "{9F15EC23-CFE5-4063-8F1E-51271E2E9574}"
EndProject
Project("{2150E333-8FDC-42A3-9474-1A3956D46DE8}") = "Solution Items", "Solution Items", "{B4F7BCD7-340D-406D-8162-055845C52623}"
	ProjectSection(SolutionItems) = preProject
		bin\config.xml = bin\config.xml
		Line.xml = Line.xml
		Station.xml = Station.xml
	EndProjectSection
EndProject
Project("{FAE04EC0-301F-11D3-BF4B-00C04F79EFBC}") = "DLObject", "DLObject\DLObject.csproj", "{04E3CD0F-8C1A-4300-89F0-D7C31BC93D52}"
EndProject
Project("{FAE04EC0-301F-11D3-BF4B-00C04F79EFBC}") = "DLXML", "DLXML\DLXML.csproj", "{D0D5F013-883D-4E23-B44A-1576789702DE}"
EndProject
Global
	GlobalSection(SolutionConfigurationPlatforms) = preSolution
		Debug|Any CPU = Debug|Any CPU
		Release|Any CPU = Release|Any CPU
	EndGlobalSection
	GlobalSection(ProjectConfigurationPlatforms) = postSolution
		{4D746681-6995-4216-9C8C-6C85A77CF764}.Debug|Any CPU.ActiveCfg = Debug|Any CPU
		{4D746681-6995-4216-9C8C-6C85A77CF764}.Debug|Any CPU.Build.0 = Debug|Any CPU
		{4D746681-6995-4216-9C8C-6C85A77CF764}.Release|Any CPU.ActiveCfg = Release|Any CPU
		{4D746681-6995-4216-9C8C-6C85A77CF764}.Release|Any CPU.Build.0 = Release|Any CPU
		{0433549C-945E-4D67-9BEB-BB6CBDB7E346}.Debug|Any CPU.ActiveCfg = Debug|Any CPU
		{0433549C-945E-4D67-9BEB-BB6CBDB7E346}.Debug|Any CPU.Build.0 = Debug|Any CPU
		{0433549C-945E-4D67-9BEB-BB6CBDB7E346}.Release|Any CPU.ActiveCfg = Release|Any CPU
		{0433549C-945E-4D67-9BEB-BB6CBDB7E346}.Release|Any CPU.Build.0 = Release|Any CPU
		{E6B10FE3-9648-4313-8BFF-D981ACF83D0E}.Debug|Any CPU.ActiveCfg = Debug|Any CPU
		{E6B10FE3-9648-4313-8BFF-D981ACF83D0E}.Debug|Any CPU.Build.0 = Debug|Any CPU
		{E6B10FE3-9648-4313-8BFF-D981ACF83D0E}.Release|Any CPU.ActiveCfg = Release|Any CPU
		{E6B10FE3-9648-4313-8BFF-D981ACF83D0E}.Release|Any CPU.Build.0 = Release|Any CPU
		{AF5209AC-842C-478D-BC43-08779EFA0BE5}.Debug|Any CPU.ActiveCfg = Debug|Any CPU
		{AF5209AC-842C-478D-BC43-08779EFA0BE5}.Debug|Any CPU.Build.0 = Debug|Any CPU
		{AF5209AC-842C-478D-BC43-08779EFA0BE5}.Release|Any CPU.ActiveCfg = Release|Any CPU
		{AF5209AC-842C-478D-BC43-08779EFA0BE5}.Release|Any CPU.Build.0 = Release|Any CPU
		{ECDEAB8B-A703-47F9-A895-97F1A384942F}.Debug|Any CPU.ActiveCfg = Debug|Any CPU
		{ECDEAB8B-A703-47F9-A895-97F1A384942F}.Debug|Any CPU.Build.0 = Debug|Any CPU
		{ECDEAB8B-A703-47F9-A895-97F1A384942F}.Release|Any CPU.ActiveCfg = Release|Any CPU
		{ECDEAB8B-A703-47F9-A895-97F1A384942F}.Release|Any CPU.Build.0 = Release|Any CPU
		{60B6BBDB-F270-491A-91BF-178B968DFDBB}.Debug|Any CPU.ActiveCfg = Debug|Any CPU
		{60B6BBDB-F270-491A-91BF-178B968DFDBB}.Debug|Any CPU.Build.0 = Debug|Any CPU
		{60B6BBDB-F270-491A-91BF-178B968DFDBB}.Release|Any CPU.ActiveCfg = Release|Any CPU
		{60B6BBDB-F270-491A-91BF-178B968DFDBB}.Release|Any CPU.Build.0 = Release|Any CPU
		{8AB405DE-3CCD-4FBC-B06E-BA5FE2D763A9}.Debug|Any CPU.ActiveCfg = Debug|Any CPU
		{8AB405DE-3CCD-4FBC-B06E-BA5FE2D763A9}.Debug|Any CPU.Build.0 = Debug|Any CPU
		{8AB405DE-3CCD-4FBC-B06E-BA5FE2D763A9}.Release|Any CPU.ActiveCfg = Release|Any CPU
		{8AB405DE-3CCD-4FBC-B06E-BA5FE2D763A9}.Release|Any CPU.Build.0 = Release|Any CPU
		{7F232438-D8FE-404F-85D3-9DBEA8DCA034}.Debug|Any CPU.ActiveCfg = Debug|Any CPU
		{7F232438-D8FE-404F-85D3-9DBEA8DCA034}.Debug|Any CPU.Build.0 = Debug|Any CPU
		{7F232438-D8FE-404F-85D3-9DBEA8DCA034}.Release|Any CPU.ActiveCfg = Release|Any CPU
		{7F232438-D8FE-404F-85D3-9DBEA8DCA034}.Release|Any CPU.Build.0 = Release|Any CPU
		{9F15EC23-CFE5-4063-8F1E-51271E2E9574}.Debug|Any CPU.ActiveCfg = Debug|Any CPU
		{9F15EC23-CFE5-4063-8F1E-51271E2E9574}.Debug|Any CPU.Build.0 = Debug|Any CPU
		{9F15EC23-CFE5-4063-8F1E-51271E2E9574}.Release|Any CPU.ActiveCfg = Release|Any CPU
		{9F15EC23-CFE5-4063-8F1E-51271E2E9574}.Release|Any CPU.Build.0 = Release|Any CPU
		{04E3CD0F-8C1A-4300-89F0-D7C31BC93D52}.Debug|Any CPU.ActiveCfg = Debug|Any CPU
		{04E3CD0F-8C1A-4300-89F0-D7C31BC93D52}.Debug|Any CPU.Build.0 = Debug|Any CPU
		{04E3CD0F-8C1A-4300-89F0-D7C31BC93D52}.Release|Any CPU.ActiveCfg = Release|Any CPU
		{04E3CD0F-8C1A-4300-89F0-D7C31BC93D52}.Release|Any CPU.Build.0 = Release|Any CPU
		{D0D5F013-883D-4E23-B44A-1576789702DE}.Debug|Any CPU.ActiveCfg = Debug|Any CPU
		{D0D5F013-883D-4E23-B44A-1576789702DE}.Debug|Any CPU.Build.0 = Debug|Any CPU
		{D0D5F013-883D-4E23-B44A-1576789702DE}.Release|Any CPU.ActiveCfg = Release|Any CPU
		{D0D5F013-883D-4E23-B44A-1576789702DE}.Release|Any CPU.Build.0 = Release|Any CPU
	EndGlobalSection
	GlobalSection(SolutionProperties) = preSolution
		HideSolutionNode = FALSE
	EndGlobalSection
	GlobalSection(ExtensibilityGlobals) = postSolution
		SolutionGuid = {BD36C156-3C60-402E-9904-71E905CD3359}
	EndGlobalSection
EndGlobal
